
Microsoft Visual Studio Solution File, Format Version 12.00
# Visual Studio 15
Project("{FAE04EC0-301F-11D3-BF4B-00C04F79EFBC}") = "UserSignup", "UserSignup\UserSignup.csproj", "{5DD54C03-4378-4AC8-8427-45B12BEC555D}"
EndProject
Global
	GlobalSection(SolutionConfigurationPlatforms) = preSolution
		Debug|Any CPU = Debug|Any CPU
		Release|Any CPU = Release|Any CPU
	EndGlobalSection
	GlobalSection(ProjectConfigurationPlatforms) = postSolution
		{5DD54C03-4378-4AC8-8427-45B12BEC555D}.Debug|Any CPU.ActiveCfg = Debug|Any CPU
		{5DD54C03-4378-4AC8-8427-45B12BEC555D}.Debug|Any CPU.Build.0 = Debug|Any CPU
		{5DD54C03-4378-4AC8-8427-45B12BEC555D}.Release|Any CPU.ActiveCfg = Release|Any CPU
		{5DD54C03-4378-4AC8-8427-45B12BEC555D}.Release|Any CPU.Build.0 = Release|Any CPU
	EndGlobalSection
EndGlobal
